
Microsoft Visual Studio Solution File, Format Version 12.00
# Visual Studio Version 16
VisualStudioVersion = 16.0.29905.134
MinimumVisualStudioVersion = 10.0.40219.1
Project("{FAE04EC0-301F-11D3-BF4B-00C04F79EFBC}") = "SalesWebMvc", "SalesWebMvc\SalesWebMvc.csproj", "{B0091C25-74F8-48B6-980C-32059701B101}"
EndProject
Global
	GlobalSection(SolutionConfigurationPlatforms) = preSolution
		Debug|Any CPU = Debug|Any CPU
		Release|Any CPU = Release|Any CPU
	EndGlobalSection
	GlobalSection(ProjectConfigurationPlatforms) = postSolution
		{B0091C25-74F8-48B6-980C-32059701B101}.Debug|Any CPU.ActiveCfg = Debug|Any CPU
		{B0091C25-74F8-48B6-980C-32059701B101}.Debug|Any CPU.Build.0 = Debug|Any CPU
		{B0091C25-74F8-48B6-980C-32059701B101}.Release|Any CPU.ActiveCfg = Release|Any CPU
		{B0091C25-74F8-48B6-980C-32059701B101}.Release|Any CPU.Build.0 = Release|Any CPU
	EndGlobalSection
	GlobalSection(SolutionProperties) = preSolution
		HideSolutionNode = FALSE
	EndGlobalSection
	GlobalSection(ExtensibilityGlobals) = postSolution
		SolutionGuid = {8545EC47-6D30-403D-B459-0A9DC8B18227}
	EndGlobalSection
EndGlobal
